// !$*UTF8*$!
{
	archiveVersion = 1;
	classes = {
	};
	objectVersion = 55;
	objects = {

/* Begin PBXBuildFile section */
		D1A7AEFC281A730E00122C68 /* MainPageView.swift in Sources */ = {isa = PBXBuildFile; fileRef = D1A7AEFB281A730E00122C68 /* MainPageView.swift */; };
		D1A7AEFE281BBA7E00122C68 /* SwiftUIView.swift in Sources */ = {isa = PBXBuildFile; fileRef = D1A7AEFD281BBA7E00122C68 /* SwiftUIView.swift */; };
		D1A7AF02281E6BE100122C68 /* Network.swift in Sources */ = {isa = PBXBuildFile; fileRef = D1A7AF01281E6BE100122C68 /* Network.swift */; };
		D1A7AF04281E6BF400122C68 /* Weather.swift in Sources */ = {isa = PBXBuildFile; fileRef = D1A7AF03281E6BF400122C68 /* Weather.swift */; };
		D1E1A37A28197A4F009EA502 /* what_to_wearApp.swift in Sources */ = {isa = PBXBuildFile; fileRef = D1E1A37928197A4F009EA502 /* what_to_wearApp.swift */; };
		D1E1A37C28197A4F009EA502 /* ContentView.swift in Sources */ = {isa = PBXBuildFile; fileRef = D1E1A37B28197A4F009EA502 /* ContentView.swift */; };
		D1E1A37E28197A50009EA502 /* Assets.xcassets in Resources */ = {isa = PBXBuildFile; fileRef = D1E1A37D28197A50009EA502 /* Assets.xcassets */; };
		D1E1A38128197A50009EA502 /* Preview Assets.xcassets in Resources */ = {isa = PBXBuildFile; fileRef = D1E1A38028197A50009EA502 /* Preview Assets.xcassets */; };
		D1E1A38B28197A50009EA502 /* what_to_wearTests.swift in Sources */ = {isa = PBXBuildFile; fileRef = D1E1A38A28197A50009EA502 /* what_to_wearTests.swift */; };
		D1E1A39528197A50009EA502 /* what_to_wearUITests.swift in Sources */ = {isa = PBXBuildFile; fileRef = D1E1A39428197A50009EA502 /* what_to_wearUITests.swift */; };
		D1E1A39728197A50009EA502 /* what_to_wearUITestsLaunchTests.swift in Sources */ = {isa = PBXBuildFile; fileRef = D1E1A39628197A50009EA502 /* what_to_wearUITestsLaunchTests.swift */; };
/* End PBXBuildFile section */

/* Begin PBXContainerItemProxy section */
		D1E1A38728197A50009EA502 /* PBXContainerItemProxy */ = {
			isa = PBXContainerItemProxy;
			containerPortal = D1E1A36E28197A4F009EA502 /* Project object */;
			proxyType = 1;
			remoteGlobalIDString = D1E1A37528197A4F009EA502;
			remoteInfo = "what to wear";
		};
		D1E1A39128197A50009EA502 /* PBXContainerItemProxy */ = {
			isa = PBXContainerItemProxy;
			containerPortal = D1E1A36E28197A4F009EA502 /* Project object */;
			proxyType = 1;
			remoteGlobalIDString = D1E1A37528197A4F009EA502;
			remoteInfo = "what to wear";
		};
/* End PBXContainerItemProxy section */

/* Begin PBXFileReference section */
		D1A7AEFB281A730E00122C68 /* MainPageView.swift */ = {isa = PBXFileReference; lastKnownFileType = sourcecode.swift; path = MainPageView.swift; sourceTree = "<group>"; };
		D1A7AEFD281BBA7E00122C68 /* SwiftUIView.swift */ = {isa = PBXFileReference; lastKnownFileType = sourcecode.swift; path = SwiftUIView.swift; sourceTree = "<group>"; };
		D1A7AF01281E6BE100122C68 /* Network.swift */ = {isa = PBXFileReference; lastKnownFileType = sourcecode.swift; path = Network.swift; sourceTree = "<group>"; };
		D1A7AF03281E6BF400122C68 /* Weather.swift */ = {isa = PBXFileReference; lastKnownFileType = sourcecode.swift; path = Weather.swift; sourceTree = "<group>"; };
		D1E1A37628197A4F009EA502 /* what to wear.app */ = {isa = PBXFileReference; explicitFileType = wrapper.application; includeInIndex = 0; path = "what to wear.app"; sourceTree = BUILT_PRODUCTS_DIR; };
		D1E1A37928197A4F009EA502 /* what_to_wearApp.swift */ = {isa = PBXFileReference; lastKnownFileType = sourcecode.swift; path = what_to_wearApp.swift; sourceTree = "<group>"; };
		D1E1A37B28197A4F009EA502 /* ContentView.swift */ = {isa = PBXFileReference; lastKnownFileType = sourcecode.swift; path = ContentView.swift; sourceTree = "<group>"; };
		D1E1A37D28197A50009EA502 /* Assets.xcassets */ = {isa = PBXFileReference; lastKnownFileType = folder.assetcatalog; path = Assets.xcassets; sourceTree = "<group>"; };
		D1E1A38028197A50009EA502 /* Preview Assets.xcassets */ = {isa = PBXFileReference; lastKnownFileType = folder.assetcatalog; path = "Preview Assets.xcassets"; sourceTree = "<group>"; };
		D1E1A38628197A50009EA502 /* what to wearTests.xctest */ = {isa = PBXFileReference; explicitFileType = wrapper.cfbundle; includeInIndex = 0; path = "what to wearTests.xctest"; sourceTree = BUILT_PRODUCTS_DIR; };
		D1E1A38A28197A50009EA502 /* what_to_wearTests.swift */ = {isa = PBXFileReference; lastKnownFileType = sourcecode.swift; path = what_to_wearTests.swift; sourceTree = "<group>"; };
		D1E1A39028197A50009EA502 /* what to wearUITests.xctest */ = {isa = PBXFileReference; explicitFileType = wrapper.cfbundle; includeInIndex = 0; path = "what to wearUITests.xctest"; sourceTree = BUILT_PRODUCTS_DIR; };
		D1E1A39428197A50009EA502 /* what_to_wearUITests.swift */ = {isa = PBXFileReference; lastKnownFileType = sourcecode.swift; path = what_to_wearUITests.swift; sourceTree = "<group>"; };
		D1E1A39628197A50009EA502 /* what_to_wearUITestsLaunchTests.swift */ = {isa = PBXFileReference; lastKnownFileType = sourcecode.swift; path = what_to_wearUITestsLaunchTests.swift; sourceTree = "<group>"; };
/* End PBXFileReference section */

/* Begin PBXFrameworksBuildPhase section */
		D1E1A37328197A4F009EA502 /* Frameworks */ = {
			isa = PBXFrameworksBuildPhase;
			buildActionMask = 2147483647;
			files = (
			);
			runOnlyForDeploymentPostprocessing = 0;
		};
		D1E1A38328197A50009EA502 /* Frameworks */ = {
			isa = PBXFrameworksBuildPhase;
			buildActionMask = 2147483647;
			files = (
			);
			runOnlyForDeploymentPostprocessing = 0;
		};
		D1E1A38D28197A50009EA502 /* Frameworks */ = {
			isa = PBXFrameworksBuildPhase;
			buildActionMask = 2147483647;
			files = (
			);
			runOnlyForDeploymentPostprocessing = 0;
		};
/* End PBXFrameworksBuildPhase section */

/* Begin PBXGroup section */
		D1A7AEFA281A72FA00122C68 /* View */ = {
			isa = PBXGroup;
			children = (
				D1A7AEFB281A730E00122C68 /* MainPageView.swift */,
				D1A7AEFD281BBA7E00122C68 /* SwiftUIView.swift */,
			);
			path = View;
			sourceTree = "<group>";
		};
		D1A7AF00281E6ADE00122C68 /* Weather */ = {
			isa = PBXGroup;
			children = (
				D1A7AF01281E6BE100122C68 /* Network.swift */,
				D1A7AF03281E6BF400122C68 /* Weather.swift */,
			);
			path = Weather;
			sourceTree = "<group>";
		};
		D1E1A36D28197A4F009EA502 = {
			isa = PBXGroup;
			children = (
				D1A7AF00281E6ADE00122C68 /* Weather */,
				D1A7AEFA281A72FA00122C68 /* View */,
				D1E1A37828197A4F009EA502 /* what to wear */,
				D1E1A38928197A50009EA502 /* what to wearTests */,
				D1E1A39328197A50009EA502 /* what to wearUITests */,
				D1E1A37728197A4F009EA502 /* Products */,
			);
			sourceTree = "<group>";
		};
		D1E1A37728197A4F009EA502 /* Products */ = {
			isa = PBXGroup;
			children = (
				D1E1A37628197A4F009EA502 /* what to wear.app */,
				D1E1A38628197A50009EA502 /* what to wearTests.xctest */,
				D1E1A39028197A50009EA502 /* what to wearUITests.xctest */,
			);
			name = Products;
			sourceTree = "<group>";
		};
		D1E1A37828197A4F009EA502 /* what to wear */ = {
			isa = PBXGroup;
			children = (
				D1E1A37928197A4F009EA502 /* what_to_wearApp.swift */,
				D1E1A37B28197A4F009EA502 /* ContentView.swift */,
				D1E1A37D28197A50009EA502 /* Assets.xcassets */,
				D1E1A37F28197A50009EA502 /* Preview Content */,
			);
			path = "what to wear";
			sourceTree = "<group>";
		};
		D1E1A37F28197A50009EA502 /* Preview Content */ = {
			isa = PBXGroup;
			children = (
				D1E1A38028197A50009EA502 /* Preview Assets.xcassets */,
			);
			path = "Preview Content";
			sourceTree = "<group>";
		};
		D1E1A38928197A50009EA502 /* what to wearTests */ = {
			isa = PBXGroup;
			children = (
				D1E1A38A28197A50009EA502 /* what_to_wearTests.swift */,
			);
			path = "what to wearTests";
			sourceTree = "<group>";
		};
		D1E1A39328197A50009EA502 /* what to wearUITests */ = {
			isa = PBXGroup;
			children = (
				D1E1A39428197A50009EA502 /* what_to_wearUITests.swift */,
				D1E1A39628197A50009EA502 /* what_to_wearUITestsLaunchTests.swift */,
			);
			path = "what to wearUITests";
			sourceTree = "<group>";
		};
/* End PBXGroup section */

/* Begin PBXNativeTarget section */
		D1E1A37528197A4F009EA502 /* what to wear */ = {
			isa = PBXNativeTarget;
			buildConfigurationList = D1E1A39A28197A50009EA502 /* Build configuration list for PBXNativeTarget "what to wear" */;
			buildPhases = (
				D1E1A37228197A4F009EA502 /* Sources */,
				D1E1A37328197A4F009EA502 /* Frameworks */,
				D1E1A37428197A4F009EA502 /* Resources */,
			);
			buildRules = (
			);
			dependencies = (
			);
			name = "what to wear";
			productName = "what to wear";
			productReference = D1E1A37628197A4F009EA502 /* what to wear.app */;
			productType = "com.apple.product-type.application";
		};
		D1E1A38528197A50009EA502 /* what to wearTests */ = {
			isa = PBXNativeTarget;
			buildConfigurationList = D1E1A39D28197A50009EA502 /* Build configuration list for PBXNativeTarget "what to wearTests" */;
			buildPhases = (
				D1E1A38228197A50009EA502 /* Sources */,
				D1E1A38328197A50009EA502 /* Frameworks */,
				D1E1A38428197A50009EA502 /* Resources */,
			);
			buildRules = (
			);
			dependencies = (
				D1E1A38828197A50009EA502 /* PBXTargetDependency */,
			);
			name = "what to wearTests";
			productName = "what to wearTests";
			productReference = D1E1A38628197A50009EA502 /* what to wearTests.xctest */;
			productType = "com.apple.product-type.bundle.unit-test";
		};
		D1E1A38F28197A50009EA502 /* what to wearUITests */ = {
			isa = PBXNativeTarget;
			buildConfigurationList = D1E1A3A028197A50009EA502 /* Build configuration list for PBXNativeTarget "what to wearUITests" */;
			buildPhases = (
				D1E1A38C28197A50009EA502 /* Sources */,
				D1E1A38D28197A50009EA502 /* Frameworks */,
				D1E1A38E28197A50009EA502 /* Resources */,
			);
			buildRules = (
			);
			dependencies = (
				D1E1A39228197A50009EA502 /* PBXTargetDependency */,
			);
			name = "what to wearUITests";
			productName = "what to wearUITests";
			productReference = D1E1A39028197A50009EA502 /* what to wearUITests.xctest */;
			productType = "com.apple.product-type.bundle.ui-testing";
		};
/* End PBXNativeTarget section */

/* Begin PBXProject section */
		D1E1A36E28197A4F009EA502 /* Project object */ = {
			isa = PBXProject;
			attributes = {
				BuildIndependentTargetsInParallel = 1;
				LastSwiftUpdateCheck = 1330;
				LastUpgradeCheck = 1330;
				TargetAttributes = {
					D1E1A37528197A4F009EA502 = {
						CreatedOnToolsVersion = 13.3;
					};
					D1E1A38528197A50009EA502 = {
						CreatedOnToolsVersion = 13.3;
						TestTargetID = D1E1A37528197A4F009EA502;
					};
					D1E1A38F28197A50009EA502 = {
						CreatedOnToolsVersion = 13.3;
						TestTargetID = D1E1A37528197A4F009EA502;
					};
				};
			};
			buildConfigurationList = D1E1A37128197A4F009EA502 /* Build configuration list for PBXProject "what to wear" */;
			compatibilityVersion = "Xcode 13.0";
			developmentRegion = en;
			hasScannedForEncodings = 0;
			knownRegions = (
				en,
				Base,
			);
			mainGroup = D1E1A36D28197A4F009EA502;
			productRefGroup = D1E1A37728197A4F009EA502 /* Products */;
			projectDirPath = "";
			projectRoot = "";
			targets = (
				D1E1A37528197A4F009EA502 /* what to wear */,
				D1E1A38528197A50009EA502 /* what to wearTests */,
				D1E1A38F28197A50009EA502 /* what to wearUITests */,
			);
		};
/* End PBXProject section */

/* Begin PBXResourcesBuildPhase section */
		D1E1A37428197A4F009EA502 /* Resources */ = {
			isa = PBXResourcesBuildPhase;
			buildActionMask = 2147483647;
			files = (
				D1E1A38128197A50009EA502 /* Preview Assets.xcassets in Resources */,
				D1E1A37E28197A50009EA502 /* Assets.xcassets in Resources */,
			);
			runOnlyForDeploymentPostprocessing = 0;
		};
		D1E1A38428197A50009EA502 /* Resources */ = {
			isa = PBXResourcesBuildPhase;
			buildActionMask = 2147483647;
			files = (
			);
			runOnlyForDeploymentPostprocessing = 0;
		};
		D1E1A38E28197A50009EA502 /* Resources */ = {
			isa = PBXResourcesBuildPhase;
			buildActionMask = 2147483647;
			files = (
			);
			runOnlyForDeploymentPostprocessing = 0;
		};
/* End PBXResourcesBuildPhase section */

/* Begin PBXSourcesBuildPhase section */
		D1E1A37228197A4F009EA502 /* Sources */ = {
			isa = PBXSourcesBuildPhase;
			buildActionMask = 2147483647;
			files = (
				D1A7AF02281E6BE100122C68 /* Network.swift in Sources */,
				D1E1A37C28197A4F009EA502 /* ContentView.swift in Sources */,
				D1E1A37A28197A4F009EA502 /* what_to_wearApp.swift in Sources */,
				D1A7AEFE281BBA7E00122C68 /* SwiftUIView.swift in Sources */,
				D1A7AF04281E6BF400122C68 /* Weather.swift in Sources */,
				D1A7AEFC281A730E00122C68 /* MainPageView.swift in Sources */,
			);
			runOnlyForDeploymentPostprocessing = 0;
		};
		D1E1A38228197A50009EA502 /* Sources */ = {
			isa = PBXSourcesBuildPhase;
			buildActionMask = 2147483647;
			files = (
				D1E1A38B28197A50009EA502 /* what_to_wearTests.swift in Sources */,
			);
			runOnlyForDeploymentPostprocessing = 0;
		};
		D1E1A38C28197A50009EA502 /* Sources */ = {
			isa = PBXSourcesBuildPhase;
			buildActionMask = 2147483647;
			files = (
				D1E1A39728197A50009EA502 /* what_to_wearUITestsLaunchTests.swift in Sources */,
				D1E1A39528197A50009EA502 /* what_to_wearUITests.swift in Sources */,
			);
			runOnlyForDeploymentPostprocessing = 0;
		};
/* End PBXSourcesBuildPhase section */

/* Begin PBXTargetDependency section */
		D1E1A38828197A50009EA502 /* PBXTargetDependency */ = {
			isa = PBXTargetDependency;
			target = D1E1A37528197A4F009EA502 /* what to wear */;
			targetProxy = D1E1A38728197A50009EA502 /* PBXContainerItemProxy */;
		};
		D1E1A39228197A50009EA502 /* PBXTargetDependency */ = {
			isa = PBXTargetDependency;
			target = D1E1A37528197A4F009EA502 /* what to wear */;
			targetProxy = D1E1A39128197A50009EA502 /* PBXContainerItemProxy */;
		};
/* End PBXTargetDependency section */

/* Begin XCBuildConfiguration section */
		D1E1A39828197A50009EA502 /* Debug */ = {
			isa = XCBuildConfiguration;
			buildSettings = {
				ALWAYS_SEARCH_USER_PATHS = NO;
				CLANG_ANALYZER_NONNULL = YES;
				CLANG_ANALYZER_NUMBER_OBJECT_CONVERSION = YES_AGGRESSIVE;
				CLANG_CXX_LANGUAGE_STANDARD = "gnu++17";
				CLANG_ENABLE_MODULES = YES;
				CLANG_ENABLE_OBJC_ARC = YES;
				CLANG_ENABLE_OBJC_WEAK = YES;
				CLANG_WARN_BLOCK_CAPTURE_AUTORELEASING = YES;
				CLANG_WARN_BOOL_CONVERSION = YES;
				CLANG_WARN_COMMA = YES;
				CLANG_WARN_CONSTANT_CONVERSION = YES;
				CLANG_WARN_DEPRECATED_OBJC_IMPLEMENTATIONS = YES;
				CLANG_WARN_DIRECT_OBJC_ISA_USAGE = YES_ERROR;
				CLANG_WARN_DOCUMENTATION_COMMENTS = YES;
				CLANG_WARN_EMPTY_BODY = YES;
				CLANG_WARN_ENUM_CONVERSION = YES;
				CLANG_WARN_INFINITE_RECURSION = YES;
				CLANG_WARN_INT_CONVERSION = YES;
				CLANG_WARN_NON_LITERAL_NULL_CONVERSION = YES;
				CLANG_WARN_OBJC_IMPLICIT_RETAIN_SELF = YES;
				CLANG_WARN_OBJC_LITERAL_CONVERSION = YES;
				CLANG_WARN_OBJC_ROOT_CLASS = YES_ERROR;
				CLANG_WARN_QUOTED_INCLUDE_IN_FRAMEWORK_HEADER = YES;
				CLANG_WARN_RANGE_LOOP_ANALYSIS = YES;
				CLANG_WARN_STRICT_PROTOTYPES = YES;
				CLANG_WARN_SUSPICIOUS_MOVE = YES;
				CLANG_WARN_UNGUARDED_AVAILABILITY = YES_AGGRESSIVE;
				CLANG_WARN_UNREACHABLE_CODE = YES;
				CLANG_WARN__DUPLICATE_METHOD_MATCH = YES;
				COPY_PHASE_STRIP = NO;
				DEBUG_INFORMATION_FORMAT = dwarf;
				ENABLE_STRICT_OBJC_MSGSEND = YES;
				ENABLE_TESTABILITY = YES;
				GCC_C_LANGUAGE_STANDARD = gnu11;
				GCC_DYNAMIC_NO_PIC = NO;
				GCC_NO_COMMON_BLOCKS = YES;
				GCC_OPTIMIZATION_LEVEL = 0;
				GCC_PREPROCESSOR_DEFINITIONS = (
					"DEBUG=1",
					"$(inherited)",
				);
				GCC_WARN_64_TO_32_BIT_CONVERSION = YES;
				GCC_WARN_ABOUT_RETURN_TYPE = YES_ERROR;
				GCC_WARN_UNDECLARED_SELECTOR = YES;
				GCC_WARN_UNINITIALIZED_AUTOS = YES_AGGRESSIVE;
				GCC_WARN_UNUSED_FUNCTION = YES;
				GCC_WARN_UNUSED_VARIABLE = YES;
				IPHONEOS_DEPLOYMENT_TARGET = 15.4;
				MTL_ENABLE_DEBUG_INFO = INCLUDE_SOURCE;
				MTL_FAST_MATH = YES;
				ONLY_ACTIVE_ARCH = YES;
				SDKROOT = iphoneos;
				SWIFT_ACTIVE_COMPILATION_CONDITIONS = DEBUG;
				SWIFT_OPTIMIZATION_LEVEL = "-Onone";
			};
			name = Debug;
		};
		D1E1A39928197A50009EA502 /* Release */ = {
			isa = XCBuildConfiguration;
			buildSettings = {
				ALWAYS_SEARCH_USER_PATHS = NO;
				CLANG_ANALYZER_NONNULL = YES;
				CLANG_ANALYZER_NUMBER_OBJECT_CONVERSION = YES_AGGRESSIVE;
				CLANG_CXX_LANGUAGE_STANDARD = "gnu++17";
				CLANG_ENABLE_MODULES = YES;
				CLANG_ENABLE_OBJC_ARC = YES;
				CLANG_ENABLE_OBJC_WEAK = YES;
				CLANG_WARN_BLOCK_CAPTURE_AUTORELEASING = YES;
				CLANG_WARN_BOOL_CONVERSION = YES;
				CLANG_WARN_COMMA = YES;
				CLANG_WARN_CONSTANT_CONVERSION = YES;
				CLANG_WARN_DEPRECATED_OBJC_IMPLEMENTATIONS = YES;
				CLANG_WARN_DIRECT_OBJC_ISA_USAGE = YES_ERROR;
				CLANG_WARN_DOCUMENTATION_COMMENTS = YES;
				CLANG_WARN_EMPTY_BODY = YES;
				CLANG_WARN_ENUM_CONVERSION = YES;
				CLANG_WARN_INFINITE_RECURSION = YES;
				CLANG_WARN_INT_CONVERSION = YES;
				CLANG_WARN_NON_LITERAL_NULL_CONVERSION = YES;
				CLANG_WARN_OBJC_IMPLICIT_RETAIN_SELF = YES;
				CLANG_WARN_OBJC_LITERAL_CONVERSION = YES;
				CLANG_WARN_OBJC_ROOT_CLASS = YES_ERROR;
				CLANG_WARN_QUOTED_INCLUDE_IN_FRAMEWORK_HEADER = YES;
				CLANG_WARN_RANGE_LOOP_ANALYSIS = YES;
				CLANG_WARN_STRICT_PROTOTYPES = YES;
				CLANG_WARN_SUSPICIOUS_MOVE = YES;
				CLANG_WARN_UNGUARDED_AVAILABILITY = YES_AGGRESSIVE;
				CLANG_WARN_UNREACHABLE_CODE = YES;
				CLANG_WARN__DUPLICATE_METHOD_MATCH = YES;
				COPY_PHASE_STRIP = NO;
				DEBUG_INFORMATION_FORMAT = "dwarf-with-dsym";
				ENABLE_NS_ASSERTIONS = NO;
				ENABLE_STRICT_OBJC_MSGSEND = YES;
				GCC_C_LANGUAGE_STANDARD = gnu11;
				GCC_NO_COMMON_BLOCKS = YES;
				GCC_WARN_64_TO_32_BIT_CONVERSION = YES;
				GCC_WARN_ABOUT_RETURN_TYPE = YES_ERROR;
				GCC_WARN_UNDECLARED_SELECTOR = YES;
				GCC_WARN_UNINITIALIZED_AUTOS = YES_AGGRESSIVE;
				GCC_WARN_UNUSED_FUNCTION = YES;
				GCC_WARN_UNUSED_VARIABLE = YES;
				IPHONEOS_DEPLOYMENT_TARGET = 15.4;
				MTL_ENABLE_DEBUG_INFO = NO;
				MTL_FAST_MATH = YES;
				SDKROOT = iphoneos;
				SWIFT_COMPILATION_MODE = wholemodule;
				SWIFT_OPTIMIZATION_LEVEL = "-O";
				VALIDATE_PRODUCT = YES;
			};
			name = Release;
		};
		D1E1A39B28197A50009EA502 /* Debug */ = {
			isa = XCBuildConfiguration;
			buildSettings = {
				ASSETCATALOG_COMPILER_APPICON_NAME = AppIcon;
				ASSETCATALOG_COMPILER_GLOBAL_ACCENT_COLOR_NAME = AccentColor;
				CODE_SIGN_STYLE = Automatic;
				CURRENT_PROJECT_VERSION = 1;
				DEVELOPMENT_ASSET_PATHS = "\"what to wear/Preview Content\"";
				ENABLE_PREVIEWS = YES;
				GENERATE_INFOPLIST_FILE = YES;
				INFOPLIST_KEY_UIApplicationSceneManifest_Generation = YES;
				INFOPLIST_KEY_UIApplicationSupportsIndirectInputEvents = YES;
				INFOPLIST_KEY_UILaunchScreen_Generation = YES;
				INFOPLIST_KEY_UISupportedInterfaceOrientations_iPad = "UIInterfaceOrientationPortrait UIInterfaceOrientationPortraitUpsideDown UIInterfaceOrientationLandscapeLeft UIInterfaceOrientationLandscapeRight";
				INFOPLIST_KEY_UISupportedInterfaceOrientations_iPhone = "UIInterfaceOrientationPortrait UIInterfaceOrientationLandscapeLeft UIInterfaceOrientationLandscapeRight";
				LD_RUNPATH_SEARCH_PATHS = (
					"$(inherited)",
					"@executable_path/Frameworks",
				);
				MARKETING_VERSION = 1.0;
				PRODUCT_BUNDLE_IDENTIFIER = "com.milky.what-to-wear";
				PRODUCT_NAME = "$(TARGET_NAME)";
				SWIFT_EMIT_LOC_STRINGS = YES;
				SWIFT_VERSION = 5.0;
				TARGETED_DEVICE_FAMILY = "1,2";
			};
			name = Debug;
		};
		D1E1A39C28197A50009EA502 /* Release */ = {
			isa = XCBuildConfiguration;
			buildSettings = {
				ASSETCATALOG_COMPILER_APPICON_NAME = AppIcon;
				ASSETCATALOG_COMPILER_GLOBAL_ACCENT_COLOR_NAME = AccentColor;
				CODE_SIGN_STYLE = Automatic;
				CURRENT_PROJECT_VERSION = 1;
				DEVELOPMENT_ASSET_PATHS = "\"what to wear/Preview Content\"";
				ENABLE_PREVIEWS = YES;
				GENERATE_INFOPLIST_FILE = YES;
				INFOPLIST_KEY_UIApplicationSceneManifest_Generation = YES;
				INFOPLIST_KEY_UIApplicationSupportsIndirectInputEvents = YES;
				INFOPLIST_KEY_UILaunchScreen_Generation = YES;
				INFOPLIST_KEY_UISupportedInterfaceOrientations_iPad = "UIInterfaceOrientationPortrait UIInterfaceOrientationPortraitUpsideDown UIInterfaceOrientationLandscapeLeft UIInterfaceOrientationLandscapeRight";
				INFOPLIST_KEY_UISupportedInterfaceOrientations_iPhone = "UIInterfaceOrientationPortrait UIInterfaceOrientationLandscapeLeft UIInterfaceOrientationLandscapeRight";
				LD_RUNPATH_SEARCH_PATHS = (
					"$(inherited)",
					"@executable_path/Frameworks",
				);
				MARKETING_VERSION = 1.0;
				PRODUCT_BUNDLE_IDENTIFIER = "com.milky.what-to-wear";
				PRODUCT_NAME = "$(TARGET_NAME)";
				SWIFT_EMIT_LOC_STRINGS = YES;
				SWIFT_VERSION = 5.0;
				TARGETED_DEVICE_FAMILY = "1,2";
			};
			name = Release;
		};
		D1E1A39E28197A50009EA502 /* Debug */ = {
			isa = XCBuildConfiguration;
			buildSettings = {
				ALWAYS_EMBED_SWIFT_STANDARD_LIBRARIES = YES;
				BUNDLE_LOADER = "$(TEST_HOST)";
				CODE_SIGN_STYLE = Automatic;
				CURRENT_PROJECT_VERSION = 1;
				GENERATE_INFOPLIST_FILE = YES;
				IPHONEOS_DEPLOYMENT_TARGET = 15.4;
				MARKETING_VERSION = 1.0;
				PRODUCT_BUNDLE_IDENTIFIER = "com.milky.what-to-wearTests";
				PRODUCT_NAME = "$(TARGET_NAME)";
				SWIFT_EMIT_LOC_STRINGS = NO;
				SWIFT_VERSION = 5.0;
				TARGETED_DEVICE_FAMILY = "1,2";
				TEST_HOST = "$(BUILT_PRODUCTS_DIR)/what to wear.app/what to wear";
			};
			name = Debug;
		};
		D1E1A39F28197A50009EA502 /* Release */ = {
			isa = XCBuildConfiguration;
			buildSettings = {
				ALWAYS_EMBED_SWIFT_STANDARD_LIBRARIES = YES;
				BUNDLE_LOADER = "$(TEST_HOST)";
				CODE_SIGN_STYLE = Automatic;
				CURRENT_PROJECT_VERSION = 1;
				GENERATE_INFOPLIST_FILE = YES;
				IPHONEOS_DEPLOYMENT_TARGET = 15.4;
				MARKETING_VERSION = 1.0;
				PRODUCT_BUNDLE_IDENTIFIER = "com.milky.what-to-wearTests";
				PRODUCT_NAME = "$(TARGET_NAME)";
				SWIFT_EMIT_LOC_STRINGS = NO;
				SWIFT_VERSION = 5.0;
				TARGETED_DEVICE_FAMILY = "1,2";
				TEST_HOST = "$(BUILT_PRODUCTS_DIR)/what to wear.app/what to wear";
			};
			name = Release;
		};
		D1E1A3A128197A50009EA502 /* Debug */ = {
			isa = XCBuildConfiguration;
			buildSettings = {
				ALWAYS_EMBED_SWIFT_STANDARD_LIBRARIES = YES;
				CODE_SIGN_STYLE = Automatic;
				CURRENT_PROJECT_VERSION = 1;
				GENERATE_INFOPLIST_FILE = YES;
				MARKETING_VERSION = 1.0;
				PRODUCT_BUNDLE_IDENTIFIER = "com.milky.what-to-wearUITests";
				PRODUCT_NAME = "$(TARGET_NAME)";
				SWIFT_EMIT_LOC_STRINGS = NO;
				SWIFT_VERSION = 5.0;
				TARGETED_DEVICE_FAMILY = "1,2";
				TEST_TARGET_NAME = "what to wear";
			};
			name = Debug;
		};
		D1E1A3A228197A50009EA502 /* Release */ = {
			isa = XCBuildConfiguration;
			buildSettings = {
				ALWAYS_EMBED_SWIFT_STANDARD_LIBRARIES = YES;
				CODE_SIGN_STYLE = Automatic;
				CURRENT_PROJECT_VERSION = 1;
				GENERATE_INFOPLIST_FILE = YES;
				MARKETING_VERSION = 1.0;
				PRODUCT_BUNDLE_IDENTIFIER = "com.milky.what-to-wearUITests";
				PRODUCT_NAME = "$(TARGET_NAME)";
				SWIFT_EMIT_LOC_STRINGS = NO;
				SWIFT_VERSION = 5.0;
				TARGETED_DEVICE_FAMILY = "1,2";
				TEST_TARGET_NAME = "what to wear";
			};
			name = Release;
		};
/* End XCBuildConfiguration section */

/* Begin XCConfigurationList section */
		D1E1A37128197A4F009EA502 /* Build configuration list for PBXProject "what to wear" */ = {
			isa = XCConfigurationList;
			buildConfigurations = (
				D1E1A39828197A50009EA502 /* Debug */,
				D1E1A39928197A50009EA502 /* Release */,
			);
			defaultConfigurationIsVisible = 0;
			defaultConfigurationName = Release;
		};
		D1E1A39A28197A50009EA502 /* Build configuration list for PBXNativeTarget "what to wear" */ = {
			isa = XCConfigurationList;
			buildConfigurations = (
				D1E1A39B28197A50009EA502 /* Debug */,
				D1E1A39C28197A50009EA502 /* Release */,
			);
			defaultConfigurationIsVisible = 0;
			defaultConfigurationName = Release;
		};
		D1E1A39D28197A50009EA502 /* Build configuration list for PBXNativeTarget "what to wearTests" */ = {
			isa = XCConfigurationList;
			buildConfigurations = (
				D1E1A39E28197A50009EA502 /* Debug */,
				D1E1A39F28197A50009EA502 /* Release */,
			);
			defaultConfigurationIsVisible = 0;
			defaultConfigurationName = Release;
		};
		D1E1A3A028197A50009EA502 /* Build configuration list for PBXNativeTarget "what to wearUITests" */ = {
			isa = XCConfigurationList;
			buildConfigurations = (
				D1E1A3A128197A50009EA502 /* Debug */,
				D1E1A3A228197A50009EA502 /* Release */,
			);
			defaultConfigurationIsVisible = 0;
			defaultConfigurationName = Release;
		};
/* End XCConfigurationList section */
	};
	rootObject = D1E1A36E28197A4F009EA502 /* Project object */;
}
